
Microsoft Visual Studio Solution File, Format Version 12.00
# Visual Studio 14
VisualStudioVersion = 14.0.24720.0
MinimumVisualStudioVersion = 10.0.40219.1
Project("{FAE04EC0-301F-11D3-BF4B-00C04F79EFBC}") = "InnerWorkings", "InnerWorkings\InnerWorkings.csproj", "{01C96FF1-24E4-47F0-BCE6-EF7FA9054B7A}"
EndProject
Project("{FAE04EC0-301F-11D3-BF4B-00C04F79EFBC}") = "Application", "Application\Application.csproj", "{7FD60720-3BFF-4097-A1AC-CEC4F85F4350}"
EndProject
Project("{FAE04EC0-301F-11D3-BF4B-00C04F79EFBC}") = "Domain", "Domain\Domain.csproj", "{C4EE681D-3666-406A-B086-4009EF163AD6}"
EndProject
Project("{FAE04EC0-301F-11D3-BF4B-00C04F79EFBC}") = "Persistance", "Persistance\Persistance.csproj", "{BFABA1C6-E909-4CDF-98AF-38AA8A189735}"
EndProject
Project("{FAE04EC0-301F-11D3-BF4B-00C04F79EFBC}") = "Common", "Common\Common.csproj", "{F36FE952-35D8-42F8-8283-00B44B9591BB}"
EndProject
Global
	GlobalSection(SolutionConfigurationPlatforms) = preSolution
		Debug|Any CPU = Debug|Any CPU
		Release|Any CPU = Release|Any CPU
	EndGlobalSection
	GlobalSection(ProjectConfigurationPlatforms) = postSolution
		{01C96FF1-24E4-47F0-BCE6-EF7FA9054B7A}.Debug|Any CPU.ActiveCfg = Debug|Any CPU
		{01C96FF1-24E4-47F0-BCE6-EF7FA9054B7A}.Debug|Any CPU.Build.0 = Debug|Any CPU
		{01C96FF1-24E4-47F0-BCE6-EF7FA9054B7A}.Release|Any CPU.ActiveCfg = Release|Any CPU
		{01C96FF1-24E4-47F0-BCE6-EF7FA9054B7A}.Release|Any CPU.Build.0 = Release|Any CPU
		{7FD60720-3BFF-4097-A1AC-CEC4F85F4350}.Debug|Any CPU.ActiveCfg = Debug|Any CPU
		{7FD60720-3BFF-4097-A1AC-CEC4F85F4350}.Debug|Any CPU.Build.0 = Debug|Any CPU
		{7FD60720-3BFF-4097-A1AC-CEC4F85F4350}.Release|Any CPU.ActiveCfg = Release|Any CPU
		{7FD60720-3BFF-4097-A1AC-CEC4F85F4350}.Release|Any CPU.Build.0 = Release|Any CPU
		{C4EE681D-3666-406A-B086-4009EF163AD6}.Debug|Any CPU.ActiveCfg = Debug|Any CPU
		{C4EE681D-3666-406A-B086-4009EF163AD6}.Debug|Any CPU.Build.0 = Debug|Any CPU
		{C4EE681D-3666-406A-B086-4009EF163AD6}.Release|Any CPU.ActiveCfg = Release|Any CPU
		{C4EE681D-3666-406A-B086-4009EF163AD6}.Release|Any CPU.Build.0 = Release|Any CPU
		{BFABA1C6-E909-4CDF-98AF-38AA8A189735}.Debug|Any CPU.ActiveCfg = Debug|Any CPU
		{BFABA1C6-E909-4CDF-98AF-38AA8A189735}.Debug|Any CPU.Build.0 = Debug|Any CPU
		{BFABA1C6-E909-4CDF-98AF-38AA8A189735}.Release|Any CPU.ActiveCfg = Release|Any CPU
		{BFABA1C6-E909-4CDF-98AF-38AA8A189735}.Release|Any CPU.Build.0 = Release|Any CPU
		{F36FE952-35D8-42F8-8283-00B44B9591BB}.Debug|Any CPU.ActiveCfg = Debug|Any CPU
		{F36FE952-35D8-42F8-8283-00B44B9591BB}.Debug|Any CPU.Build.0 = Debug|Any CPU
		{F36FE952-35D8-42F8-8283-00B44B9591BB}.Release|Any CPU.ActiveCfg = Release|Any CPU
		{F36FE952-35D8-42F8-8283-00B44B9591BB}.Release|Any CPU.Build.0 = Release|Any CPU
	EndGlobalSection
	GlobalSection(SolutionProperties) = preSolution
		HideSolutionNode = FALSE
	EndGlobalSection
EndGlobal
